// !$*UTF8*$!
{
	archiveVersion = 1;
	classes = {
	};
	objectVersion = 56;
	objects = {

/* Begin PBXBuildFile section */
		8B57DA1E2B9E8B7300716D63 /* RecipeDetailViewController.swift in Sources */ = {isa = PBXBuildFile; fileRef = 8B57DA1D2B9E8B7300716D63 /* RecipeDetailViewController.swift */; };
		8B57DA222B9FDA3E00716D63 /* RecipeDetailView.swift in Sources */ = {isa = PBXBuildFile; fileRef = 8B57DA212B9FDA3E00716D63 /* RecipeDetailView.swift */; };
		8B57DA242B9FDB9300716D63 /* SearchViewModel.swift in Sources */ = {isa = PBXBuildFile; fileRef = 8B57DA232B9FDB9300716D63 /* SearchViewModel.swift */; };
		8B57DA2D2BA1252400716D63 /* ManualCollectionViewCell.swift in Sources */ = {isa = PBXBuildFile; fileRef = 8B57DA2C2BA1252400716D63 /* ManualCollectionViewCell.swift */; };
		8B57DA332BA1438300716D63 /* DetailCollectionViewCell.swift in Sources */ = {isa = PBXBuildFile; fileRef = 8B57DA322BA1438300716D63 /* DetailCollectionViewCell.swift */; };
		8B57DA472BA32B3700716D63 /* Alamofire in Frameworks */ = {isa = PBXBuildFile; productRef = 8B57DA462BA32B3700716D63 /* Alamofire */; };
		8BBEEB612BA61B6900A4ADF9 /* BookmarkViewModel.swift in Sources */ = {isa = PBXBuildFile; fileRef = 8BBEEB602BA61B6900A4ADF9 /* BookmarkViewModel.swift */; };
		8BBEEB662BA86C6E00A4ADF9 /* TagListCollectionViewCell.swift in Sources */ = {isa = PBXBuildFile; fileRef = 8BBEEB652BA86C6E00A4ADF9 /* TagListCollectionViewCell.swift */; };
		8BC004D82BAA2DB7007B0595 /* Lottie in Frameworks */ = {isa = PBXBuildFile; productRef = 8BC004D72BAA2DB7007B0595 /* Lottie */; };
		8BC004DB2BAA2F27007B0595 /* cooking.json in Resources */ = {isa = PBXBuildFile; fileRef = 8BC004DA2BAA2F27007B0595 /* cooking.json */; };
		8BC004DD2BAA329E007B0595 /* bookLottie.json in Resources */ = {isa = PBXBuildFile; fileRef = 8BC004DC2BAA329E007B0595 /* bookLottie.json */; };
		8BE6016C2B998381009249DD /* AppDelegate.swift in Sources */ = {isa = PBXBuildFile; fileRef = 8BE6016B2B998381009249DD /* AppDelegate.swift */; };
		8BE6016E2B998381009249DD /* SceneDelegate.swift in Sources */ = {isa = PBXBuildFile; fileRef = 8BE6016D2B998381009249DD /* SceneDelegate.swift */; };
		8BE601702B998381009249DD /* ViewController.swift in Sources */ = {isa = PBXBuildFile; fileRef = 8BE6016F2B998381009249DD /* ViewController.swift */; };
		8BE601732B998381009249DD /* Main.storyboard in Resources */ = {isa = PBXBuildFile; fileRef = 8BE601712B998381009249DD /* Main.storyboard */; };
		8BE601752B998383009249DD /* Assets.xcassets in Resources */ = {isa = PBXBuildFile; fileRef = 8BE601742B998383009249DD /* Assets.xcassets */; };
		8BE601782B998383009249DD /* LaunchScreen.storyboard in Resources */ = {isa = PBXBuildFile; fileRef = 8BE601762B998383009249DD /* LaunchScreen.storyboard */; };
		8BE601802B998601009249DD /* .gitignore in Resources */ = {isa = PBXBuildFile; fileRef = 8BE6017F2B998601009249DD /* .gitignore */; };
		8BE601832B998A16009249DD /* SnapKit in Frameworks */ = {isa = PBXBuildFile; productRef = 8BE601822B998A16009249DD /* SnapKit */; };
		8BE6019E2B9AECB6009249DD /* SearchViewController.swift in Sources */ = {isa = PBXBuildFile; fileRef = 8BE6019D2B9AECB6009249DD /* SearchViewController.swift */; };
		8BE601A02B9AECC9009249DD /* SearchView.swift in Sources */ = {isa = PBXBuildFile; fileRef = 8BE6019F2B9AECC9009249DD /* SearchView.swift */; };
		8BE601A32B9AED06009249DD /* FSCalendar in Frameworks */ = {isa = PBXBuildFile; productRef = 8BE601A22B9AED06009249DD /* FSCalendar */; };
		8BE601A62B9AED0D009249DD /* SideMenu in Frameworks */ = {isa = PBXBuildFile; productRef = 8BE601A52B9AED0D009249DD /* SideMenu */; };
		8BE601AE2B9AED27009249DD /* Kingfisher in Frameworks */ = {isa = PBXBuildFile; productRef = 8BE601AD2B9AED27009249DD /* Kingfisher */; };
		8BE601B12B9AED47009249DD /* Parchment in Frameworks */ = {isa = PBXBuildFile; productRef = 8BE601B02B9AED47009249DD /* Parchment */; };
		8BE601B42B9AEE19009249DD /* SkeletonView in Frameworks */ = {isa = PBXBuildFile; productRef = 8BE601B32B9AEE19009249DD /* SkeletonView */; };
		8BE601B72B9AEE57009249DD /* BaseViewController.swift in Sources */ = {isa = PBXBuildFile; fileRef = 8BE601B62B9AEE57009249DD /* BaseViewController.swift */; };
		8BE601B92B9AEE5E009249DD /* BaseView.swift in Sources */ = {isa = PBXBuildFile; fileRef = 8BE601B82B9AEE5E009249DD /* BaseView.swift */; };
		8BE601BC2B9C0F06009249DD /* Constants.swift in Sources */ = {isa = PBXBuildFile; fileRef = 8BE601BB2B9C0F06009249DD /* Constants.swift */; };
		8BE601BE2B9C1F16009249DD /* ClassifyViewController.swift in Sources */ = {isa = PBXBuildFile; fileRef = 8BE601BD2B9C1F16009249DD /* ClassifyViewController.swift */; };
		8BE601C12B9C3C56009249DD /* ClassifyMenuCollectionViewCell.swift in Sources */ = {isa = PBXBuildFile; fileRef = 8BE601C02B9C3C56009249DD /* ClassifyMenuCollectionViewCell.swift */; };
		8BE601C32B9C3C7A009249DD /* BaseCollectionViewCell.swift in Sources */ = {isa = PBXBuildFile; fileRef = 8BE601C22B9C3C7A009249DD /* BaseCollectionViewCell.swift */; };
		8BE601C62B9C3F3D009249DD /* UIView+Extension.swift in Sources */ = {isa = PBXBuildFile; fileRef = 8BE601C52B9C3F3D009249DD /* UIView+Extension.swift */; };
		8BE601C82B9C4A46009249DD /* ClassifyView.swift in Sources */ = {isa = PBXBuildFile; fileRef = 8BE601C72B9C4A46009249DD /* ClassifyView.swift */; };
		8BE601CA2B9C50B9009249DD /* FoodCollectionViewCell.swift in Sources */ = {isa = PBXBuildFile; fileRef = 8BE601C92B9C50B9009249DD /* FoodCollectionViewCell.swift */; };
		8BE601CD2B9CA76F009249DD /* RecipeAPIManager.swift in Sources */ = {isa = PBXBuildFile; fileRef = 8BE601CC2B9CA76F009249DD /* RecipeAPIManager.swift */; };
		8BE601CF2B9CAC02009249DD /* RecipeAPIRequest.swift in Sources */ = {isa = PBXBuildFile; fileRef = 8BE601CE2B9CAC02009249DD /* RecipeAPIRequest.swift */; };
		8BE601FD2B9CB28C009249DD /* APIKey.swift in Sources */ = {isa = PBXBuildFile; fileRef = 8BE601FC2B9CB28C009249DD /* APIKey.swift */; };
		8BE602012B9D1B1B009249DD /* ClassifyViewModel.swift in Sources */ = {isa = PBXBuildFile; fileRef = 8BE602002B9D1B1B009249DD /* ClassifyViewModel.swift */; };
		8BE602042B9D1B52009249DD /* Observable.swift in Sources */ = {isa = PBXBuildFile; fileRef = 8BE602032B9D1B52009249DD /* Observable.swift */; };
		8BE602082B9D2361009249DD /* Recipe.swift in Sources */ = {isa = PBXBuildFile; fileRef = 8BE602072B9D2361009249DD /* Recipe.swift */; };
		8BE6020A2B9D29F1009249DD /* CookRCP.swift in Sources */ = {isa = PBXBuildFile; fileRef = 8BE602092B9D29F1009249DD /* CookRCP.swift */; };
		8BED50BA2BA5A7F900900A18 /* String+Extension.swift in Sources */ = {isa = PBXBuildFile; fileRef = 8BED50B92BA5A7F900900A18 /* String+Extension.swift */; };
		8BED50C12BA5B0AB00900A18 /* BookmarkViewController.swift in Sources */ = {isa = PBXBuildFile; fileRef = 8BED50C02BA5B0AB00900A18 /* BookmarkViewController.swift */; };
		8BED50C42BA5B44E00900A18 /* BookmarkView.swift in Sources */ = {isa = PBXBuildFile; fileRef = 8BED50C32BA5B44E00900A18 /* BookmarkView.swift */; };
		8BED50C82BA5C5E600900A18 /* BookmarkCollectionViewCell.swift in Sources */ = {isa = PBXBuildFile; fileRef = 8BED50C72BA5C5E600900A18 /* BookmarkCollectionViewCell.swift */; };
		8BED50CB2BA5DE2C00900A18 /* BookmarkTableRepository.swift in Sources */ = {isa = PBXBuildFile; fileRef = 8BED50CA2BA5DE2C00900A18 /* BookmarkTableRepository.swift */; };
		8BED50CD2BA5DE6F00900A18 /* BookmarkModel.swift in Sources */ = {isa = PBXBuildFile; fileRef = 8BED50CC2BA5DE6F00900A18 /* BookmarkModel.swift */; };
		8BED50D02BA5DF0900900A18 /* Realm in Frameworks */ = {isa = PBXBuildFile; productRef = 8BED50CF2BA5DF0900900A18 /* Realm */; };
		8BED50D22BA5DF0900900A18 /* RealmSwift in Frameworks */ = {isa = PBXBuildFile; productRef = 8BED50D12BA5DF0900900A18 /* RealmSwift */; };
		8BED50D62BA5EDF200900A18 /* ClassifyList.swift in Sources */ = {isa = PBXBuildFile; fileRef = 8BED50D52BA5EDF200900A18 /* ClassifyList.swift */; };
		8BED50D82BA5F32800900A18 /* FoodTableRepository.swift in Sources */ = {isa = PBXBuildFile; fileRef = 8BED50D72BA5F32800900A18 /* FoodTableRepository.swift */; };
		8BED50DA2BA5F33300900A18 /* ManualRepository.swift in Sources */ = {isa = PBXBuildFile; fileRef = 8BED50D92BA5F33300900A18 /* ManualRepository.swift */; };
		8BED50DC2BA6107300900A18 /* RecipeDetailViewModel.swift in Sources */ = {isa = PBXBuildFile; fileRef = 8BED50DB2BA6107200900A18 /* RecipeDetailViewModel.swift */; };
/* End PBXBuildFile section */

/* Begin PBXFileReference section */
		8B57DA1D2B9E8B7300716D63 /* RecipeDetailViewController.swift */ = {isa = PBXFileReference; lastKnownFileType = sourcecode.swift; path = RecipeDetailViewController.swift; sourceTree = "<group>"; };
		8B57DA212B9FDA3E00716D63 /* RecipeDetailView.swift */ = {isa = PBXFileReference; lastKnownFileType = sourcecode.swift; path = RecipeDetailView.swift; sourceTree = "<group>"; };
		8B57DA232B9FDB9300716D63 /* SearchViewModel.swift */ = {isa = PBXFileReference; lastKnownFileType = sourcecode.swift; path = SearchViewModel.swift; sourceTree = "<group>"; };
		8B57DA2C2BA1252400716D63 /* ManualCollectionViewCell.swift */ = {isa = PBXFileReference; lastKnownFileType = sourcecode.swift; path = ManualCollectionViewCell.swift; sourceTree = "<group>"; };
		8B57DA322BA1438300716D63 /* DetailCollectionViewCell.swift */ = {isa = PBXFileReference; lastKnownFileType = sourcecode.swift; path = DetailCollectionViewCell.swift; sourceTree = "<group>"; };
		8BBEEB602BA61B6900A4ADF9 /* BookmarkViewModel.swift */ = {isa = PBXFileReference; lastKnownFileType = sourcecode.swift; path = BookmarkViewModel.swift; sourceTree = "<group>"; };
		8BBEEB652BA86C6E00A4ADF9 /* TagListCollectionViewCell.swift */ = {isa = PBXFileReference; lastKnownFileType = sourcecode.swift; path = TagListCollectionViewCell.swift; sourceTree = "<group>"; };
		8BC004DA2BAA2F27007B0595 /* cooking.json */ = {isa = PBXFileReference; fileEncoding = 4; lastKnownFileType = text.json; path = cooking.json; sourceTree = "<group>"; };
		8BC004DC2BAA329E007B0595 /* bookLottie.json */ = {isa = PBXFileReference; fileEncoding = 4; lastKnownFileType = text.json; path = bookLottie.json; sourceTree = "<group>"; };
		8BE601682B998381009249DD /* YoreYore.app */ = {isa = PBXFileReference; explicitFileType = wrapper.application; includeInIndex = 0; path = YoreYore.app; sourceTree = BUILT_PRODUCTS_DIR; };
		8BE6016B2B998381009249DD /* AppDelegate.swift */ = {isa = PBXFileReference; lastKnownFileType = sourcecode.swift; path = AppDelegate.swift; sourceTree = "<group>"; };
		8BE6016D2B998381009249DD /* SceneDelegate.swift */ = {isa = PBXFileReference; lastKnownFileType = sourcecode.swift; path = SceneDelegate.swift; sourceTree = "<group>"; };
		8BE6016F2B998381009249DD /* ViewController.swift */ = {isa = PBXFileReference; lastKnownFileType = sourcecode.swift; path = ViewController.swift; sourceTree = "<group>"; };
		8BE601722B998381009249DD /* Base */ = {isa = PBXFileReference; lastKnownFileType = file.storyboard; name = Base; path = Base.lproj/Main.storyboard; sourceTree = "<group>"; };
		8BE601742B998383009249DD /* Assets.xcassets */ = {isa = PBXFileReference; lastKnownFileType = folder.assetcatalog; path = Assets.xcassets; sourceTree = "<group>"; };
		8BE601772B998383009249DD /* Base */ = {isa = PBXFileReference; lastKnownFileType = file.storyboard; name = Base; path = Base.lproj/LaunchScreen.storyboard; sourceTree = "<group>"; };
		8BE601792B998383009249DD /* Info.plist */ = {isa = PBXFileReference; lastKnownFileType = text.plist.xml; path = Info.plist; sourceTree = "<group>"; };
		8BE6017F2B998601009249DD /* .gitignore */ = {isa = PBXFileReference; lastKnownFileType = text; path = .gitignore; sourceTree = "<group>"; };
		8BE6019D2B9AECB6009249DD /* SearchViewController.swift */ = {isa = PBXFileReference; lastKnownFileType = sourcecode.swift; path = SearchViewController.swift; sourceTree = "<group>"; };
		8BE6019F2B9AECC9009249DD /* SearchView.swift */ = {isa = PBXFileReference; lastKnownFileType = sourcecode.swift; path = SearchView.swift; sourceTree = "<group>"; };
		8BE601B62B9AEE57009249DD /* BaseViewController.swift */ = {isa = PBXFileReference; lastKnownFileType = sourcecode.swift; path = BaseViewController.swift; sourceTree = "<group>"; };
		8BE601B82B9AEE5E009249DD /* BaseView.swift */ = {isa = PBXFileReference; lastKnownFileType = sourcecode.swift; path = BaseView.swift; sourceTree = "<group>"; };
		8BE601BB2B9C0F06009249DD /* Constants.swift */ = {isa = PBXFileReference; lastKnownFileType = sourcecode.swift; path = Constants.swift; sourceTree = "<group>"; };
		8BE601BD2B9C1F16009249DD /* ClassifyViewController.swift */ = {isa = PBXFileReference; lastKnownFileType = sourcecode.swift; path = ClassifyViewController.swift; sourceTree = "<group>"; };
		8BE601C02B9C3C56009249DD /* ClassifyMenuCollectionViewCell.swift */ = {isa = PBXFileReference; lastKnownFileType = sourcecode.swift; path = ClassifyMenuCollectionViewCell.swift; sourceTree = "<group>"; };
		8BE601C22B9C3C7A009249DD /* BaseCollectionViewCell.swift */ = {isa = PBXFileReference; lastKnownFileType = sourcecode.swift; path = BaseCollectionViewCell.swift; sourceTree = "<group>"; };
		8BE601C52B9C3F3D009249DD /* UIView+Extension.swift */ = {isa = PBXFileReference; lastKnownFileType = sourcecode.swift; path = "UIView+Extension.swift"; sourceTree = "<group>"; };
		8BE601C72B9C4A46009249DD /* ClassifyView.swift */ = {isa = PBXFileReference; lastKnownFileType = sourcecode.swift; path = ClassifyView.swift; sourceTree = "<group>"; };
		8BE601C92B9C50B9009249DD /* FoodCollectionViewCell.swift */ = {isa = PBXFileReference; lastKnownFileType = sourcecode.swift; path = FoodCollectionViewCell.swift; sourceTree = "<group>"; };
		8BE601CC2B9CA76F009249DD /* RecipeAPIManager.swift */ = {isa = PBXFileReference; lastKnownFileType = sourcecode.swift; path = RecipeAPIManager.swift; sourceTree = "<group>"; };
		8BE601CE2B9CAC02009249DD /* RecipeAPIRequest.swift */ = {isa = PBXFileReference; lastKnownFileType = sourcecode.swift; path = RecipeAPIRequest.swift; sourceTree = "<group>"; };
		8BE601FC2B9CB28C009249DD /* APIKey.swift */ = {isa = PBXFileReference; lastKnownFileType = sourcecode.swift; path = APIKey.swift; sourceTree = "<group>"; };
		8BE602002B9D1B1B009249DD /* ClassifyViewModel.swift */ = {isa = PBXFileReference; lastKnownFileType = sourcecode.swift; path = ClassifyViewModel.swift; sourceTree = "<group>"; };
		8BE602032B9D1B52009249DD /* Observable.swift */ = {isa = PBXFileReference; lastKnownFileType = sourcecode.swift; path = Observable.swift; sourceTree = "<group>"; };
		8BE602072B9D2361009249DD /* Recipe.swift */ = {isa = PBXFileReference; lastKnownFileType = sourcecode.swift; path = Recipe.swift; sourceTree = "<group>"; };
		8BE602092B9D29F1009249DD /* CookRCP.swift */ = {isa = PBXFileReference; lastKnownFileType = sourcecode.swift; path = CookRCP.swift; sourceTree = "<group>"; };
		8BED50B92BA5A7F900900A18 /* String+Extension.swift */ = {isa = PBXFileReference; lastKnownFileType = sourcecode.swift; path = "String+Extension.swift"; sourceTree = "<group>"; };
		8BED50C02BA5B0AB00900A18 /* BookmarkViewController.swift */ = {isa = PBXFileReference; lastKnownFileType = sourcecode.swift; path = BookmarkViewController.swift; sourceTree = "<group>"; };
		8BED50C32BA5B44E00900A18 /* BookmarkView.swift */ = {isa = PBXFileReference; lastKnownFileType = sourcecode.swift; path = BookmarkView.swift; sourceTree = "<group>"; };
		8BED50C72BA5C5E600900A18 /* BookmarkCollectionViewCell.swift */ = {isa = PBXFileReference; lastKnownFileType = sourcecode.swift; path = BookmarkCollectionViewCell.swift; sourceTree = "<group>"; };
		8BED50CA2BA5DE2C00900A18 /* BookmarkTableRepository.swift */ = {isa = PBXFileReference; lastKnownFileType = sourcecode.swift; path = BookmarkTableRepository.swift; sourceTree = "<group>"; };
		8BED50CC2BA5DE6F00900A18 /* BookmarkModel.swift */ = {isa = PBXFileReference; lastKnownFileType = sourcecode.swift; path = BookmarkModel.swift; sourceTree = "<group>"; };
		8BED50D52BA5EDF200900A18 /* ClassifyList.swift */ = {isa = PBXFileReference; lastKnownFileType = sourcecode.swift; path = ClassifyList.swift; sourceTree = "<group>"; };
		8BED50D72BA5F32800900A18 /* FoodTableRepository.swift */ = {isa = PBXFileReference; lastKnownFileType = sourcecode.swift; path = FoodTableRepository.swift; sourceTree = "<group>"; };
		8BED50D92BA5F33300900A18 /* ManualRepository.swift */ = {isa = PBXFileReference; lastKnownFileType = sourcecode.swift; path = ManualRepository.swift; sourceTree = "<group>"; };
		8BED50DB2BA6107200900A18 /* RecipeDetailViewModel.swift */ = {isa = PBXFileReference; lastKnownFileType = sourcecode.swift; path = RecipeDetailViewModel.swift; sourceTree = "<group>"; };
/* End PBXFileReference section */

/* Begin PBXFrameworksBuildPhase section */
		8BE601652B998381009249DD /* Frameworks */ = {
			isa = PBXFrameworksBuildPhase;
			buildActionMask = 2147483647;
			files = (
				8BE601AE2B9AED27009249DD /* Kingfisher in Frameworks */,
				8B57DA472BA32B3700716D63 /* Alamofire in Frameworks */,
				8BE601832B998A16009249DD /* SnapKit in Frameworks */,
				8BED50D22BA5DF0900900A18 /* RealmSwift in Frameworks */,
				8BE601B12B9AED47009249DD /* Parchment in Frameworks */,
				8BC004D82BAA2DB7007B0595 /* Lottie in Frameworks */,
				8BE601B42B9AEE19009249DD /* SkeletonView in Frameworks */,
				8BE601A62B9AED0D009249DD /* SideMenu in Frameworks */,
				8BED50D02BA5DF0900900A18 /* Realm in Frameworks */,
				8BE601A32B9AED06009249DD /* FSCalendar in Frameworks */,
			);
			runOnlyForDeploymentPostprocessing = 0;
		};
/* End PBXFrameworksBuildPhase section */

/* Begin PBXGroup section */
		8B57DA342BA1438B00716D63 /* CollectionViewCell */ = {
			isa = PBXGroup;
			children = (
				8B57DA322BA1438300716D63 /* DetailCollectionViewCell.swift */,
				8B57DA2C2BA1252400716D63 /* ManualCollectionViewCell.swift */,
			);
			path = CollectionViewCell;
			sourceTree = "<group>";
		};
		8B57DA352BA1439200716D63 /* CollectionViewCell */ = {
			isa = PBXGroup;
			children = (
				8BE601C02B9C3C56009249DD /* ClassifyMenuCollectionViewCell.swift */,
				8BE601C92B9C50B9009249DD /* FoodCollectionViewCell.swift */,
				8BBEEB652BA86C6E00A4ADF9 /* TagListCollectionViewCell.swift */,
			);
			path = CollectionViewCell;
			sourceTree = "<group>";
		};
		8B57DA422BA32AD900716D63 /* Frameworks */ = {
			isa = PBXGroup;
			children = (
			);
			name = Frameworks;
			sourceTree = "<group>";
		};
		8BC004D92BAA2F15007B0595 /* Resource */ = {
			isa = PBXGroup;
			children = (
				8BC004DC2BAA329E007B0595 /* bookLottie.json */,
				8BC004DA2BAA2F27007B0595 /* cooking.json */,
			);
			path = Resource;
			sourceTree = "<group>";
		};
		8BE6015F2B998381009249DD = {
			isa = PBXGroup;
			children = (
				8BE6017F2B998601009249DD /* .gitignore */,
				8BE6016A2B998381009249DD /* YoreYore */,
				8BE601692B998381009249DD /* Products */,
				8B57DA422BA32AD900716D63 /* Frameworks */,
			);
			sourceTree = "<group>";
		};
		8BE601692B998381009249DD /* Products */ = {
			isa = PBXGroup;
			children = (
				8BE601682B998381009249DD /* YoreYore.app */,
			);
			name = Products;
			sourceTree = "<group>";
		};
		8BE6016A2B998381009249DD /* YoreYore */ = {
			isa = PBXGroup;
			children = (
				8BC004D92BAA2F15007B0595 /* Resource */,
				8BE602022B9D1B41009249DD /* Observable */,
				8BED50C92BA5DE1B00900A18 /* Realm */,
				8BE601CB2B9CA711009249DD /* API */,
				8BE602052B9D20AF009249DD /* Model */,
				8BE601C42B9C3F25009249DD /* Extension */,
				8BE601BA2B9C0EF9009249DD /* Enum */,
				8BE601B52B9AEE41009249DD /* Base */,
				8BE601862B9AEAA9009249DD /* Search */,
				8BE601872B9AEB32009249DD /* Detail */,
				8BED50BF2BA5B0A000900A18 /* Bookmark */,
				8BE6016B2B998381009249DD /* AppDelegate.swift */,
				8BE6016D2B998381009249DD /* SceneDelegate.swift */,
				8BE6016F2B998381009249DD /* ViewController.swift */,
				8BE601712B998381009249DD /* Main.storyboard */,
				8BE601742B998383009249DD /* Assets.xcassets */,
				8BE601762B998383009249DD /* LaunchScreen.storyboard */,
				8BE601792B998383009249DD /* Info.plist */,
			);
			path = YoreYore;
			sourceTree = "<group>";
		};
		8BE601862B9AEAA9009249DD /* Search */ = {
			isa = PBXGroup;
			children = (
				8BE601FE2B9D1AE8009249DD /* SearchMain */,
				8BE601FF2B9D1AF9009249DD /* Classify */,
				8B57DA352BA1439200716D63 /* CollectionViewCell */,
			);
			path = Search;
			sourceTree = "<group>";
		};
		8BE601872B9AEB32009249DD /* Detail */ = {
			isa = PBXGroup;
			children = (
				8BED50C22BA5B32900900A18 /* DetailMain */,
				8B57DA342BA1438B00716D63 /* CollectionViewCell */,
			);
			path = Detail;
			sourceTree = "<group>";
		};
		8BE601B52B9AEE41009249DD /* Base */ = {
			isa = PBXGroup;
			children = (
				8BE601B62B9AEE57009249DD /* BaseViewController.swift */,
				8BE601B82B9AEE5E009249DD /* BaseView.swift */,
				8BE601C22B9C3C7A009249DD /* BaseCollectionViewCell.swift */,
			);
			path = Base;
			sourceTree = "<group>";
		};
		8BE601BA2B9C0EF9009249DD /* Enum */ = {
			isa = PBXGroup;
			children = (
				8BE601BB2B9C0F06009249DD /* Constants.swift */,
				8BED50D52BA5EDF200900A18 /* ClassifyList.swift */,
			);
			path = Enum;
			sourceTree = "<group>";
		};
		8BE601C42B9C3F25009249DD /* Extension */ = {
			isa = PBXGroup;
			children = (
				8BE601C52B9C3F3D009249DD /* UIView+Extension.swift */,
				8BED50B92BA5A7F900900A18 /* String+Extension.swift */,
			);
			path = Extension;
			sourceTree = "<group>";
		};
		8BE601CB2B9CA711009249DD /* API */ = {
			isa = PBXGroup;
			children = (
				8BE601CC2B9CA76F009249DD /* RecipeAPIManager.swift */,
				8BE601CE2B9CAC02009249DD /* RecipeAPIRequest.swift */,
				8BE601FC2B9CB28C009249DD /* APIKey.swift */,
			);
			path = API;
			sourceTree = "<group>";
		};
		8BE601FE2B9D1AE8009249DD /* SearchMain */ = {
			isa = PBXGroup;
			children = (
				8BE6019D2B9AECB6009249DD /* SearchViewController.swift */,
				8BE6019F2B9AECC9009249DD /* SearchView.swift */,
				8B57DA232B9FDB9300716D63 /* SearchViewModel.swift */,
			);
			path = SearchMain;
			sourceTree = "<group>";
		};
		8BE601FF2B9D1AF9009249DD /* Classify */ = {
			isa = PBXGroup;
			children = (
				8BE601BD2B9C1F16009249DD /* ClassifyViewController.swift */,
				8BE601C72B9C4A46009249DD /* ClassifyView.swift */,
				8BE602002B9D1B1B009249DD /* ClassifyViewModel.swift */,
			);
			path = Classify;
			sourceTree = "<group>";
		};
		8BE602022B9D1B41009249DD /* Observable */ = {
			isa = PBXGroup;
			children = (
				8BE602032B9D1B52009249DD /* Observable.swift */,
			);
			path = Observable;
			sourceTree = "<group>";
		};
		8BE602052B9D20AF009249DD /* Model */ = {
			isa = PBXGroup;
			children = (
				8BE602062B9D20C2009249DD /* APIModel */,
			);
			path = Model;
			sourceTree = "<group>";
		};
		8BE602062B9D20C2009249DD /* APIModel */ = {
			isa = PBXGroup;
			children = (
				8BE602072B9D2361009249DD /* Recipe.swift */,
				8BE602092B9D29F1009249DD /* CookRCP.swift */,
			);
			path = APIModel;
			sourceTree = "<group>";
		};
		8BED50BF2BA5B0A000900A18 /* Bookmark */ = {
			isa = PBXGroup;
			children = (
				8BED50C52BA5B46300900A18 /* BookmarkMain */,
				8BED50C62BA5C5D200900A18 /* CollectionViewCell */,
			);
			path = Bookmark;
			sourceTree = "<group>";
		};
		8BED50C22BA5B32900900A18 /* DetailMain */ = {
			isa = PBXGroup;
			children = (
				8B57DA1D2B9E8B7300716D63 /* RecipeDetailViewController.swift */,
				8B57DA212B9FDA3E00716D63 /* RecipeDetailView.swift */,
				8BED50DB2BA6107200900A18 /* RecipeDetailViewModel.swift */,
			);
			path = DetailMain;
			sourceTree = "<group>";
		};
		8BED50C52BA5B46300900A18 /* BookmarkMain */ = {
			isa = PBXGroup;
			children = (
				8BED50C02BA5B0AB00900A18 /* BookmarkViewController.swift */,
				8BED50C32BA5B44E00900A18 /* BookmarkView.swift */,
				8BBEEB602BA61B6900A4ADF9 /* BookmarkViewModel.swift */,
			);
			path = BookmarkMain;
			sourceTree = "<group>";
		};
		8BED50C62BA5C5D200900A18 /* CollectionViewCell */ = {
			isa = PBXGroup;
			children = (
				8BED50C72BA5C5E600900A18 /* BookmarkCollectionViewCell.swift */,
			);
			path = CollectionViewCell;
			sourceTree = "<group>";
		};
		8BED50C92BA5DE1B00900A18 /* Realm */ = {
			isa = PBXGroup;
			children = (
				8BED50CC2BA5DE6F00900A18 /* BookmarkModel.swift */,
				8BED50CA2BA5DE2C00900A18 /* BookmarkTableRepository.swift */,
				8BED50D72BA5F32800900A18 /* FoodTableRepository.swift */,
				8BED50D92BA5F33300900A18 /* ManualRepository.swift */,
			);
			path = Realm;
			sourceTree = "<group>";
		};
/* End PBXGroup section */

/* Begin PBXNativeTarget section */
		8BE601672B998381009249DD /* YoreYore */ = {
			isa = PBXNativeTarget;
			buildConfigurationList = 8BE6017C2B998383009249DD /* Build configuration list for PBXNativeTarget "YoreYore" */;
			buildPhases = (
				8BE601642B998381009249DD /* Sources */,
				8BE601652B998381009249DD /* Frameworks */,
				8BE601662B998381009249DD /* Resources */,
			);
			buildRules = (
			);
			dependencies = (
			);
			name = YoreYore;
			packageProductDependencies = (
				8BE601822B998A16009249DD /* SnapKit */,
				8BE601A22B9AED06009249DD /* FSCalendar */,
				8BE601A52B9AED0D009249DD /* SideMenu */,
				8BE601AD2B9AED27009249DD /* Kingfisher */,
				8BE601B02B9AED47009249DD /* Parchment */,
				8BE601B32B9AEE19009249DD /* SkeletonView */,
				8B57DA462BA32B3700716D63 /* Alamofire */,
				8BED50CF2BA5DF0900900A18 /* Realm */,
				8BED50D12BA5DF0900900A18 /* RealmSwift */,
				8BC004D72BAA2DB7007B0595 /* Lottie */,
			);
			productName = YoreYore;
			productReference = 8BE601682B998381009249DD /* YoreYore.app */;
			productType = "com.apple.product-type.application";
		};
/* End PBXNativeTarget section */

/* Begin PBXProject section */
		8BE601602B998381009249DD /* Project object */ = {
			isa = PBXProject;
			attributes = {
				BuildIndependentTargetsInParallel = 1;
				LastSwiftUpdateCheck = 1500;
				LastUpgradeCheck = 1500;
				TargetAttributes = {
					8BE601672B998381009249DD = {
						CreatedOnToolsVersion = 15.0;
					};
				};
			};
			buildConfigurationList = 8BE601632B998381009249DD /* Build configuration list for PBXProject "YoreYore" */;
			compatibilityVersion = "Xcode 14.0";
			developmentRegion = en;
			hasScannedForEncodings = 0;
			knownRegions = (
				en,
				Base,
			);
			mainGroup = 8BE6015F2B998381009249DD;
			packageReferences = (
				8BE601812B998A16009249DD /* XCRemoteSwiftPackageReference "SnapKit" */,
				8BE601A12B9AED06009249DD /* XCRemoteSwiftPackageReference "FSCalendar" */,
				8BE601A42B9AED0D009249DD /* XCRemoteSwiftPackageReference "SideMenu" */,
				8BE601AC2B9AED27009249DD /* XCRemoteSwiftPackageReference "Kingfisher" */,
				8BE601AF2B9AED47009249DD /* XCRemoteSwiftPackageReference "Parchment" */,
				8BE601B22B9AEE19009249DD /* XCRemoteSwiftPackageReference "SkeletonView" */,
				8B57DA452BA32B3700716D63 /* XCRemoteSwiftPackageReference "Alamofire" */,
				8BED50CE2BA5DF0900900A18 /* XCRemoteSwiftPackageReference "realm-swift" */,
				8BC004D62BAA2DB7007B0595 /* XCRemoteSwiftPackageReference "lottie-ios" */,
			);
			productRefGroup = 8BE601692B998381009249DD /* Products */;
			projectDirPath = "";
			projectRoot = "";
			targets = (
				8BE601672B998381009249DD /* YoreYore */,
			);
		};
/* End PBXProject section */

/* Begin PBXResourcesBuildPhase section */
		8BE601662B998381009249DD /* Resources */ = {
			isa = PBXResourcesBuildPhase;
			buildActionMask = 2147483647;
			files = (
				8BE601802B998601009249DD /* .gitignore in Resources */,
				8BC004DB2BAA2F27007B0595 /* cooking.json in Resources */,
				8BC004DD2BAA329E007B0595 /* bookLottie.json in Resources */,
				8BE601782B998383009249DD /* LaunchScreen.storyboard in Resources */,
				8BE601752B998383009249DD /* Assets.xcassets in Resources */,
				8BE601732B998381009249DD /* Main.storyboard in Resources */,
			);
			runOnlyForDeploymentPostprocessing = 0;
		};
/* End PBXResourcesBuildPhase section */

/* Begin PBXSourcesBuildPhase section */
		8BE601642B998381009249DD /* Sources */ = {
			isa = PBXSourcesBuildPhase;
			buildActionMask = 2147483647;
			files = (
				8BE602042B9D1B52009249DD /* Observable.swift in Sources */,
				8BE601A02B9AECC9009249DD /* SearchView.swift in Sources */,
				8BE601702B998381009249DD /* ViewController.swift in Sources */,
				8BE601C62B9C3F3D009249DD /* UIView+Extension.swift in Sources */,
				8BE601CD2B9CA76F009249DD /* RecipeAPIManager.swift in Sources */,
				8BED50DC2BA6107300900A18 /* RecipeDetailViewModel.swift in Sources */,
				8BE601BE2B9C1F16009249DD /* ClassifyViewController.swift in Sources */,
				8BE601C82B9C4A46009249DD /* ClassifyView.swift in Sources */,
				8BED50D62BA5EDF200900A18 /* ClassifyList.swift in Sources */,
				8B57DA332BA1438300716D63 /* DetailCollectionViewCell.swift in Sources */,
				8BE602012B9D1B1B009249DD /* ClassifyViewModel.swift in Sources */,
				8BE6020A2B9D29F1009249DD /* CookRCP.swift in Sources */,
				8BE6016C2B998381009249DD /* AppDelegate.swift in Sources */,
				8BED50C42BA5B44E00900A18 /* BookmarkView.swift in Sources */,
				8BE601CA2B9C50B9009249DD /* FoodCollectionViewCell.swift in Sources */,
				8BE601C32B9C3C7A009249DD /* BaseCollectionViewCell.swift in Sources */,
				8BED50C82BA5C5E600900A18 /* BookmarkCollectionViewCell.swift in Sources */,
				8BE6019E2B9AECB6009249DD /* SearchViewController.swift in Sources */,
				8BE601B92B9AEE5E009249DD /* BaseView.swift in Sources */,
				8B57DA222B9FDA3E00716D63 /* RecipeDetailView.swift in Sources */,
				8BE6016E2B998381009249DD /* SceneDelegate.swift in Sources */,
				8BE601CF2B9CAC02009249DD /* RecipeAPIRequest.swift in Sources */,
				8BED50CB2BA5DE2C00900A18 /* BookmarkTableRepository.swift in Sources */,
				8BED50CD2BA5DE6F00900A18 /* BookmarkModel.swift in Sources */,
				8BE601B72B9AEE57009249DD /* BaseViewController.swift in Sources */,
				8BED50BA2BA5A7F900900A18 /* String+Extension.swift in Sources */,
				8B57DA242B9FDB9300716D63 /* SearchViewModel.swift in Sources */,
				8BED50D82BA5F32800900A18 /* FoodTableRepository.swift in Sources */,
				8B57DA2D2BA1252400716D63 /* ManualCollectionViewCell.swift in Sources */,
				8BE601C12B9C3C56009249DD /* ClassifyMenuCollectionViewCell.swift in Sources */,
				8B57DA1E2B9E8B7300716D63 /* RecipeDetailViewController.swift in Sources */,
				8BED50DA2BA5F33300900A18 /* ManualRepository.swift in Sources */,
				8BED50C12BA5B0AB00900A18 /* BookmarkViewController.swift in Sources */,
				8BE601BC2B9C0F06009249DD /* Constants.swift in Sources */,
				8BBEEB612BA61B6900A4ADF9 /* BookmarkViewModel.swift in Sources */,
				8BBEEB662BA86C6E00A4ADF9 /* TagListCollectionViewCell.swift in Sources */,
				8BE601FD2B9CB28C009249DD /* APIKey.swift in Sources */,
				8BE602082B9D2361009249DD /* Recipe.swift in Sources */,
			);
			runOnlyForDeploymentPostprocessing = 0;
		};
/* End PBXSourcesBuildPhase section */

/* Begin PBXVariantGroup section */
		8BE601712B998381009249DD /* Main.storyboard */ = {
			isa = PBXVariantGroup;
			children = (
				8BE601722B998381009249DD /* Base */,
			);
			name = Main.storyboard;
			sourceTree = "<group>";
		};
		8BE601762B998383009249DD /* LaunchScreen.storyboard */ = {
			isa = PBXVariantGroup;
			children = (
				8BE601772B998383009249DD /* Base */,
			);
			name = LaunchScreen.storyboard;
			sourceTree = "<group>";
		};
/* End PBXVariantGroup section */

/* Begin XCBuildConfiguration section */
		8BE6017A2B998383009249DD /* Debug */ = {
			isa = XCBuildConfiguration;
			buildSettings = {
				ALWAYS_SEARCH_USER_PATHS = NO;
				ASSETCATALOG_COMPILER_GENERATE_SWIFT_ASSET_SYMBOL_EXTENSIONS = YES;
				CLANG_ANALYZER_NONNULL = YES;
				CLANG_ANALYZER_NUMBER_OBJECT_CONVERSION = YES_AGGRESSIVE;
				CLANG_CXX_LANGUAGE_STANDARD = "gnu++20";
				CLANG_ENABLE_MODULES = YES;
				CLANG_ENABLE_OBJC_ARC = YES;
				CLANG_ENABLE_OBJC_WEAK = YES;
				CLANG_WARN_BLOCK_CAPTURE_AUTORELEASING = YES;
				CLANG_WARN_BOOL_CONVERSION = YES;
				CLANG_WARN_COMMA = YES;
				CLANG_WARN_CONSTANT_CONVERSION = YES;
				CLANG_WARN_DEPRECATED_OBJC_IMPLEMENTATIONS = YES;
				CLANG_WARN_DIRECT_OBJC_ISA_USAGE = YES_ERROR;
				CLANG_WARN_DOCUMENTATION_COMMENTS = YES;
				CLANG_WARN_EMPTY_BODY = YES;
				CLANG_WARN_ENUM_CONVERSION = YES;
				CLANG_WARN_INFINITE_RECURSION = YES;
				CLANG_WARN_INT_CONVERSION = YES;
				CLANG_WARN_NON_LITERAL_NULL_CONVERSION = YES;
				CLANG_WARN_OBJC_IMPLICIT_RETAIN_SELF = YES;
				CLANG_WARN_OBJC_LITERAL_CONVERSION = YES;
				CLANG_WARN_OBJC_ROOT_CLASS = YES_ERROR;
				CLANG_WARN_QUOTED_INCLUDE_IN_FRAMEWORK_HEADER = YES;
				CLANG_WARN_RANGE_LOOP_ANALYSIS = YES;
				CLANG_WARN_STRICT_PROTOTYPES = YES;
				CLANG_WARN_SUSPICIOUS_MOVE = YES;
				CLANG_WARN_UNGUARDED_AVAILABILITY = YES_AGGRESSIVE;
				CLANG_WARN_UNREACHABLE_CODE = YES;
				CLANG_WARN__DUPLICATE_METHOD_MATCH = YES;
				COPY_PHASE_STRIP = NO;
				DEBUG_INFORMATION_FORMAT = dwarf;
				ENABLE_STRICT_OBJC_MSGSEND = YES;
				ENABLE_TESTABILITY = YES;
				ENABLE_USER_SCRIPT_SANDBOXING = YES;
				GCC_C_LANGUAGE_STANDARD = gnu17;
				GCC_DYNAMIC_NO_PIC = NO;
				GCC_NO_COMMON_BLOCKS = YES;
				GCC_OPTIMIZATION_LEVEL = 0;
				GCC_PREPROCESSOR_DEFINITIONS = (
					"DEBUG=1",
					"$(inherited)",
				);
				GCC_WARN_64_TO_32_BIT_CONVERSION = YES;
				GCC_WARN_ABOUT_RETURN_TYPE = YES_ERROR;
				GCC_WARN_UNDECLARED_SELECTOR = YES;
				GCC_WARN_UNINITIALIZED_AUTOS = YES_AGGRESSIVE;
				GCC_WARN_UNUSED_FUNCTION = YES;
				GCC_WARN_UNUSED_VARIABLE = YES;
				IPHONEOS_DEPLOYMENT_TARGET = 15.0;
				LOCALIZATION_PREFERS_STRING_CATALOGS = YES;
				MTL_ENABLE_DEBUG_INFO = INCLUDE_SOURCE;
				MTL_FAST_MATH = YES;
				ONLY_ACTIVE_ARCH = YES;
				SDKROOT = iphoneos;
				SWIFT_ACTIVE_COMPILATION_CONDITIONS = "DEBUG $(inherited)";
				SWIFT_OPTIMIZATION_LEVEL = "-Onone";
			};
			name = Debug;
		};
		8BE6017B2B998383009249DD /* Release */ = {
			isa = XCBuildConfiguration;
			buildSettings = {
				ALWAYS_SEARCH_USER_PATHS = NO;
				ASSETCATALOG_COMPILER_GENERATE_SWIFT_ASSET_SYMBOL_EXTENSIONS = YES;
				CLANG_ANALYZER_NONNULL = YES;
				CLANG_ANALYZER_NUMBER_OBJECT_CONVERSION = YES_AGGRESSIVE;
				CLANG_CXX_LANGUAGE_STANDARD = "gnu++20";
				CLANG_ENABLE_MODULES = YES;
				CLANG_ENABLE_OBJC_ARC = YES;
				CLANG_ENABLE_OBJC_WEAK = YES;
				CLANG_WARN_BLOCK_CAPTURE_AUTORELEASING = YES;
				CLANG_WARN_BOOL_CONVERSION = YES;
				CLANG_WARN_COMMA = YES;
				CLANG_WARN_CONSTANT_CONVERSION = YES;
				CLANG_WARN_DEPRECATED_OBJC_IMPLEMENTATIONS = YES;
				CLANG_WARN_DIRECT_OBJC_ISA_USAGE = YES_ERROR;
				CLANG_WARN_DOCUMENTATION_COMMENTS = YES;
				CLANG_WARN_EMPTY_BODY = YES;
				CLANG_WARN_ENUM_CONVERSION = YES;
				CLANG_WARN_INFINITE_RECURSION = YES;
				CLANG_WARN_INT_CONVERSION = YES;
				CLANG_WARN_NON_LITERAL_NULL_CONVERSION = YES;
				CLANG_WARN_OBJC_IMPLICIT_RETAIN_SELF = YES;
				CLANG_WARN_OBJC_LITERAL_CONVERSION = YES;
				CLANG_WARN_OBJC_ROOT_CLASS = YES_ERROR;
				CLANG_WARN_QUOTED_INCLUDE_IN_FRAMEWORK_HEADER = YES;
				CLANG_WARN_RANGE_LOOP_ANALYSIS = YES;
				CLANG_WARN_STRICT_PROTOTYPES = YES;
				CLANG_WARN_SUSPICIOUS_MOVE = YES;
				CLANG_WARN_UNGUARDED_AVAILABILITY = YES_AGGRESSIVE;
				CLANG_WARN_UNREACHABLE_CODE = YES;
				CLANG_WARN__DUPLICATE_METHOD_MATCH = YES;
				COPY_PHASE_STRIP = NO;
				DEBUG_INFORMATION_FORMAT = "dwarf-with-dsym";
				ENABLE_NS_ASSERTIONS = NO;
				ENABLE_STRICT_OBJC_MSGSEND = YES;
				ENABLE_USER_SCRIPT_SANDBOXING = YES;
				GCC_C_LANGUAGE_STANDARD = gnu17;
				GCC_NO_COMMON_BLOCKS = YES;
				GCC_WARN_64_TO_32_BIT_CONVERSION = YES;
				GCC_WARN_ABOUT_RETURN_TYPE = YES_ERROR;
				GCC_WARN_UNDECLARED_SELECTOR = YES;
				GCC_WARN_UNINITIALIZED_AUTOS = YES_AGGRESSIVE;
				GCC_WARN_UNUSED_FUNCTION = YES;
				GCC_WARN_UNUSED_VARIABLE = YES;
				IPHONEOS_DEPLOYMENT_TARGET = 15.0;
				LOCALIZATION_PREFERS_STRING_CATALOGS = YES;
				MTL_ENABLE_DEBUG_INFO = NO;
				MTL_FAST_MATH = YES;
				SDKROOT = iphoneos;
				SWIFT_COMPILATION_MODE = wholemodule;
				VALIDATE_PRODUCT = YES;
			};
			name = Release;
		};
		8BE6017D2B998383009249DD /* Debug */ = {
			isa = XCBuildConfiguration;
			buildSettings = {
				ASSETCATALOG_COMPILER_APPICON_NAME = AppIcon;
				ASSETCATALOG_COMPILER_GLOBAL_ACCENT_COLOR_NAME = AccentColor;
				CODE_SIGN_IDENTITY = "Apple Development";
				CODE_SIGN_STYLE = Automatic;
				CURRENT_PROJECT_VERSION = 1;
				DEVELOPMENT_TEAM = 3D3V9NJ477;
				GENERATE_INFOPLIST_FILE = YES;
				INFOPLIST_FILE = YoreYore/Info.plist;
				INFOPLIST_KEY_UIApplicationSupportsIndirectInputEvents = YES;
				INFOPLIST_KEY_UILaunchStoryboardName = LaunchScreen;
				INFOPLIST_KEY_UIMainStoryboardFile = Main;
				INFOPLIST_KEY_UISupportedInterfaceOrientations = UIInterfaceOrientationPortrait;
				INFOPLIST_KEY_UISupportedInterfaceOrientations_iPad = "UIInterfaceOrientationLandscapeLeft UIInterfaceOrientationLandscapeRight UIInterfaceOrientationPortrait UIInterfaceOrientationPortraitUpsideDown";
				IPHONEOS_DEPLOYMENT_TARGET = 15.0;
				LD_RUNPATH_SEARCH_PATHS = (
					"$(inherited)",
					"@executable_path/Frameworks",
				);
				MARKETING_VERSION = 1.0;
				PRODUCT_BUNDLE_IDENTIFIER = com.bamy.YoreYore;
				PRODUCT_NAME = "$(TARGET_NAME)";
				PROVISIONING_PROFILE_SPECIFIER = "";
				SUPPORTED_PLATFORMS = "iphoneos iphonesimulator";
				SUPPORTS_MACCATALYST = NO;
				SUPPORTS_MAC_DESIGNED_FOR_IPHONE_IPAD = NO;
				SWIFT_EMIT_LOC_STRINGS = YES;
				SWIFT_VERSION = 5.0;
				TARGETED_DEVICE_FAMILY = 1;
			};
			name = Debug;
		};
		8BE6017E2B998383009249DD /* Release */ = {
			isa = XCBuildConfiguration;
			buildSettings = {
				ASSETCATALOG_COMPILER_APPICON_NAME = AppIcon;
				ASSETCATALOG_COMPILER_GLOBAL_ACCENT_COLOR_NAME = AccentColor;
				CODE_SIGN_IDENTITY = "Apple Development";
				CODE_SIGN_STYLE = Automatic;
				CURRENT_PROJECT_VERSION = 1;
				DEVELOPMENT_TEAM = 3D3V9NJ477;
				GENERATE_INFOPLIST_FILE = YES;
				INFOPLIST_FILE = YoreYore/Info.plist;
				INFOPLIST_KEY_UIApplicationSupportsIndirectInputEvents = YES;
				INFOPLIST_KEY_UILaunchStoryboardName = LaunchScreen;
				INFOPLIST_KEY_UIMainStoryboardFile = Main;
				INFOPLIST_KEY_UISupportedInterfaceOrientations = UIInterfaceOrientationPortrait;
				INFOPLIST_KEY_UISupportedInterfaceOrientations_iPad = "UIInterfaceOrientationLandscapeLeft UIInterfaceOrientationLandscapeRight UIInterfaceOrientationPortrait UIInterfaceOrientationPortraitUpsideDown";
				IPHONEOS_DEPLOYMENT_TARGET = 15.0;
				LD_RUNPATH_SEARCH_PATHS = (
					"$(inherited)",
					"@executable_path/Frameworks",
				);
				MARKETING_VERSION = 1.0;
				PRODUCT_BUNDLE_IDENTIFIER = com.bamy.YoreYore;
				PRODUCT_NAME = "$(TARGET_NAME)";
				PROVISIONING_PROFILE_SPECIFIER = "";
				SUPPORTED_PLATFORMS = "iphoneos iphonesimulator";
				SUPPORTS_MACCATALYST = NO;
				SUPPORTS_MAC_DESIGNED_FOR_IPHONE_IPAD = NO;
				SWIFT_EMIT_LOC_STRINGS = YES;
				SWIFT_VERSION = 5.0;
				TARGETED_DEVICE_FAMILY = 1;
			};
			name = Release;
		};
/* End XCBuildConfiguration section */

/* Begin XCConfigurationList section */
		8BE601632B998381009249DD /* Build configuration list for PBXProject "YoreYore" */ = {
			isa = XCConfigurationList;
			buildConfigurations = (
				8BE6017A2B998383009249DD /* Debug */,
				8BE6017B2B998383009249DD /* Release */,
			);
			defaultConfigurationIsVisible = 0;
			defaultConfigurationName = Release;
		};
		8BE6017C2B998383009249DD /* Build configuration list for PBXNativeTarget "YoreYore" */ = {
			isa = XCConfigurationList;
			buildConfigurations = (
				8BE6017D2B998383009249DD /* Debug */,
				8BE6017E2B998383009249DD /* Release */,
			);
			defaultConfigurationIsVisible = 0;
			defaultConfigurationName = Release;
		};
/* End XCConfigurationList section */

/* Begin XCRemoteSwiftPackageReference section */
		8B57DA452BA32B3700716D63 /* XCRemoteSwiftPackageReference "Alamofire" */ = {
			isa = XCRemoteSwiftPackageReference;
			repositoryURL = "https://github.com/Alamofire/Alamofire";
			requirement = {
				kind = upToNextMajorVersion;
				minimumVersion = 5.9.0;
			};
		};
		8BC004D62BAA2DB7007B0595 /* XCRemoteSwiftPackageReference "lottie-ios" */ = {
			isa = XCRemoteSwiftPackageReference;
			repositoryURL = "https://github.com/airbnb/lottie-ios.git";
			requirement = {
				kind = upToNextMajorVersion;
				minimumVersion = 4.4.1;
			};
		};
		8BE601812B998A16009249DD /* XCRemoteSwiftPackageReference "SnapKit" */ = {
			isa = XCRemoteSwiftPackageReference;
			repositoryURL = "https://github.com/SnapKit/SnapKit";
			requirement = {
				kind = upToNextMajorVersion;
				minimumVersion = 5.7.1;
			};
		};
		8BE601A12B9AED06009249DD /* XCRemoteSwiftPackageReference "FSCalendar" */ = {
			isa = XCRemoteSwiftPackageReference;
			repositoryURL = "https://github.com/WenchaoD/FSCalendar";
			requirement = {
				kind = upToNextMajorVersion;
				minimumVersion = 2.8.4;
			};
		};
		8BE601A42B9AED0D009249DD /* XCRemoteSwiftPackageReference "SideMenu" */ = {
			isa = XCRemoteSwiftPackageReference;
			repositoryURL = "https://github.com/jonkykong/SideMenu.git";
			requirement = {
				kind = upToNextMajorVersion;
				minimumVersion = 6.5.0;
			};
		};
		8BE601AC2B9AED27009249DD /* XCRemoteSwiftPackageReference "Kingfisher" */ = {
			isa = XCRemoteSwiftPackageReference;
			repositoryURL = "https://github.com/onevcat/Kingfisher";
			requirement = {
				kind = upToNextMajorVersion;
				minimumVersion = 7.11.0;
			};
		};
		8BE601AF2B9AED47009249DD /* XCRemoteSwiftPackageReference "Parchment" */ = {
			isa = XCRemoteSwiftPackageReference;
			repositoryURL = "https://github.com/rechsteiner/Parchment";
			requirement = {
				branch = main;
				kind = branch;
			};
		};
		8BE601B22B9AEE19009249DD /* XCRemoteSwiftPackageReference "SkeletonView" */ = {
			isa = XCRemoteSwiftPackageReference;
			repositoryURL = "https://github.com/Juanpe/SkeletonView.git";
			requirement = {
				kind = upToNextMajorVersion;
				minimumVersion = 1.30.4;
			};
		};
		8BED50CE2BA5DF0900900A18 /* XCRemoteSwiftPackageReference "realm-swift" */ = {
			isa = XCRemoteSwiftPackageReference;
			repositoryURL = "https://github.com/realm/realm-swift";
			requirement = {
				branch = master;
				kind = branch;
			};
		};
/* End XCRemoteSwiftPackageReference section */

/* Begin XCSwiftPackageProductDependency section */
		8B57DA462BA32B3700716D63 /* Alamofire */ = {
			isa = XCSwiftPackageProductDependency;
			package = 8B57DA452BA32B3700716D63 /* XCRemoteSwiftPackageReference "Alamofire" */;
			productName = Alamofire;
		};
		8BC004D72BAA2DB7007B0595 /* Lottie */ = {
			isa = XCSwiftPackageProductDependency;
			package = 8BC004D62BAA2DB7007B0595 /* XCRemoteSwiftPackageReference "lottie-ios" */;
			productName = Lottie;
		};
		8BE601822B998A16009249DD /* SnapKit */ = {
			isa = XCSwiftPackageProductDependency;
			package = 8BE601812B998A16009249DD /* XCRemoteSwiftPackageReference "SnapKit" */;
			productName = SnapKit;
		};
		8BE601A22B9AED06009249DD /* FSCalendar */ = {
			isa = XCSwiftPackageProductDependency;
			package = 8BE601A12B9AED06009249DD /* XCRemoteSwiftPackageReference "FSCalendar" */;
			productName = FSCalendar;
		};
		8BE601A52B9AED0D009249DD /* SideMenu */ = {
			isa = XCSwiftPackageProductDependency;
			package = 8BE601A42B9AED0D009249DD /* XCRemoteSwiftPackageReference "SideMenu" */;
			productName = SideMenu;
		};
		8BE601AD2B9AED27009249DD /* Kingfisher */ = {
			isa = XCSwiftPackageProductDependency;
			package = 8BE601AC2B9AED27009249DD /* XCRemoteSwiftPackageReference "Kingfisher" */;
			productName = Kingfisher;
		};
		8BE601B02B9AED47009249DD /* Parchment */ = {
			isa = XCSwiftPackageProductDependency;
			package = 8BE601AF2B9AED47009249DD /* XCRemoteSwiftPackageReference "Parchment" */;
			productName = Parchment;
		};
		8BE601B32B9AEE19009249DD /* SkeletonView */ = {
			isa = XCSwiftPackageProductDependency;
			package = 8BE601B22B9AEE19009249DD /* XCRemoteSwiftPackageReference "SkeletonView" */;
			productName = SkeletonView;
		};
		8BED50CF2BA5DF0900900A18 /* Realm */ = {
			isa = XCSwiftPackageProductDependency;
			package = 8BED50CE2BA5DF0900900A18 /* XCRemoteSwiftPackageReference "realm-swift" */;
			productName = Realm;
		};
		8BED50D12BA5DF0900900A18 /* RealmSwift */ = {
			isa = XCSwiftPackageProductDependency;
			package = 8BED50CE2BA5DF0900900A18 /* XCRemoteSwiftPackageReference "realm-swift" */;
			productName = RealmSwift;
		};
/* End XCSwiftPackageProductDependency section */
	};
	rootObject = 8BE601602B998381009249DD /* Project object */;
}
